// !$*UTF8*$!
{
	archiveVersion = 1;
	classes = {
	};
	objectVersion = 56;
	objects = {

/* Begin PBXBuildFile section */
		9B0AD86B2B8566FD00D090EB /* TagPicker.swift in Sources */ = {isa = PBXBuildFile; fileRef = 9B0AD86A2B8566FD00D090EB /* TagPicker.swift */; };
		9B0AD86D2B85673100D090EB /* TimeButtons.swift in Sources */ = {isa = PBXBuildFile; fileRef = 9B0AD86C2B85673100D090EB /* TimeButtons.swift */; };
		9B0AD86F2B85676B00D090EB /* Time.swift in Sources */ = {isa = PBXBuildFile; fileRef = 9B0AD86E2B85676B00D090EB /* Time.swift */; };
		9B9F050D2B84CBA700B1A4D3 /* tasksApp.swift in Sources */ = {isa = PBXBuildFile; fileRef = 9B9F050C2B84CBA700B1A4D3 /* tasksApp.swift */; };
		9B9F050F2B84CBA700B1A4D3 /* ContentView.swift in Sources */ = {isa = PBXBuildFile; fileRef = 9B9F050E2B84CBA700B1A4D3 /* ContentView.swift */; };
		9B9F05112B84CBA900B1A4D3 /* Assets.xcassets in Resources */ = {isa = PBXBuildFile; fileRef = 9B9F05102B84CBA900B1A4D3 /* Assets.xcassets */; };
		9B9F05152B84CBA900B1A4D3 /* Preview Assets.xcassets in Resources */ = {isa = PBXBuildFile; fileRef = 9B9F05142B84CBA900B1A4D3 /* Preview Assets.xcassets */; };
		9B9F051F2B84CBA900B1A4D3 /* tasksTests.swift in Sources */ = {isa = PBXBuildFile; fileRef = 9B9F051E2B84CBA900B1A4D3 /* tasksTests.swift */; };
		9B9F05292B84CBA900B1A4D3 /* tasksUITests.swift in Sources */ = {isa = PBXBuildFile; fileRef = 9B9F05282B84CBA900B1A4D3 /* tasksUITests.swift */; };
		9B9F052B2B84CBA900B1A4D3 /* tasksUITestsLaunchTests.swift in Sources */ = {isa = PBXBuildFile; fileRef = 9B9F052A2B84CBA900B1A4D3 /* tasksUITestsLaunchTests.swift */; };
		9BE6E2F72B85371B00C54646 /* AppScreen.swift in Sources */ = {isa = PBXBuildFile; fileRef = 9BE6E2F62B85371B00C54646 /* AppScreen.swift */; };
		9BE6E2FA2B8537FD00C54646 /* HomeNavStack.swift in Sources */ = {isa = PBXBuildFile; fileRef = 9BE6E2F92B8537FD00C54646 /* HomeNavStack.swift */; };
		9BE6E2FC2B85392B00C54646 /* AppTabView.swift in Sources */ = {isa = PBXBuildFile; fileRef = 9BE6E2FB2B85392B00C54646 /* AppTabView.swift */; };
/* End PBXBuildFile section */

/* Begin PBXContainerItemProxy section */
		9B9F051B2B84CBA900B1A4D3 /* PBXContainerItemProxy */ = {
			isa = PBXContainerItemProxy;
			containerPortal = 9B9F05012B84CBA700B1A4D3 /* Project object */;
			proxyType = 1;
			remoteGlobalIDString = 9B9F05082B84CBA700B1A4D3;
			remoteInfo = tasks;
		};
		9B9F05252B84CBA900B1A4D3 /* PBXContainerItemProxy */ = {
			isa = PBXContainerItemProxy;
			containerPortal = 9B9F05012B84CBA700B1A4D3 /* Project object */;
			proxyType = 1;
			remoteGlobalIDString = 9B9F05082B84CBA700B1A4D3;
			remoteInfo = tasks;
		};
/* End PBXContainerItemProxy section */

/* Begin PBXFileReference section */
		9B0AD86A2B8566FD00D090EB /* TagPicker.swift */ = {isa = PBXFileReference; lastKnownFileType = sourcecode.swift; path = TagPicker.swift; sourceTree = "<group>"; };
		9B0AD86C2B85673100D090EB /* TimeButtons.swift */ = {isa = PBXFileReference; lastKnownFileType = sourcecode.swift; path = TimeButtons.swift; sourceTree = "<group>"; };
		9B0AD86E2B85676B00D090EB /* Time.swift */ = {isa = PBXFileReference; lastKnownFileType = sourcecode.swift; path = Time.swift; sourceTree = "<group>"; };
		9B9F05092B84CBA700B1A4D3 /* tasks.app */ = {isa = PBXFileReference; explicitFileType = wrapper.application; includeInIndex = 0; path = tasks.app; sourceTree = BUILT_PRODUCTS_DIR; };
		9B9F050C2B84CBA700B1A4D3 /* tasksApp.swift */ = {isa = PBXFileReference; lastKnownFileType = sourcecode.swift; path = tasksApp.swift; sourceTree = "<group>"; };
		9B9F050E2B84CBA700B1A4D3 /* ContentView.swift */ = {isa = PBXFileReference; lastKnownFileType = sourcecode.swift; path = ContentView.swift; sourceTree = "<group>"; };
		9B9F05102B84CBA900B1A4D3 /* Assets.xcassets */ = {isa = PBXFileReference; lastKnownFileType = folder.assetcatalog; path = Assets.xcassets; sourceTree = "<group>"; };
		9B9F05122B84CBA900B1A4D3 /* tasks.entitlements */ = {isa = PBXFileReference; lastKnownFileType = text.plist.entitlements; path = tasks.entitlements; sourceTree = "<group>"; };
		9B9F05142B84CBA900B1A4D3 /* Preview Assets.xcassets */ = {isa = PBXFileReference; lastKnownFileType = folder.assetcatalog; path = "Preview Assets.xcassets"; sourceTree = "<group>"; };
		9B9F051A2B84CBA900B1A4D3 /* tasksTests.xctest */ = {isa = PBXFileReference; explicitFileType = wrapper.cfbundle; includeInIndex = 0; path = tasksTests.xctest; sourceTree = BUILT_PRODUCTS_DIR; };
		9B9F051E2B84CBA900B1A4D3 /* tasksTests.swift */ = {isa = PBXFileReference; lastKnownFileType = sourcecode.swift; path = tasksTests.swift; sourceTree = "<group>"; };
		9B9F05242B84CBA900B1A4D3 /* tasksUITests.xctest */ = {isa = PBXFileReference; explicitFileType = wrapper.cfbundle; includeInIndex = 0; path = tasksUITests.xctest; sourceTree = BUILT_PRODUCTS_DIR; };
		9B9F05282B84CBA900B1A4D3 /* tasksUITests.swift */ = {isa = PBXFileReference; lastKnownFileType = sourcecode.swift; path = tasksUITests.swift; sourceTree = "<group>"; };
		9B9F052A2B84CBA900B1A4D3 /* tasksUITestsLaunchTests.swift */ = {isa = PBXFileReference; lastKnownFileType = sourcecode.swift; path = tasksUITestsLaunchTests.swift; sourceTree = "<group>"; };
		9BE6E2F62B85371B00C54646 /* AppScreen.swift */ = {isa = PBXFileReference; lastKnownFileType = sourcecode.swift; path = AppScreen.swift; sourceTree = "<group>"; };
		9BE6E2F92B8537FD00C54646 /* HomeNavStack.swift */ = {isa = PBXFileReference; lastKnownFileType = sourcecode.swift; path = HomeNavStack.swift; sourceTree = "<group>"; };
		9BE6E2FB2B85392B00C54646 /* AppTabView.swift */ = {isa = PBXFileReference; lastKnownFileType = sourcecode.swift; path = AppTabView.swift; sourceTree = "<group>"; };
/* End PBXFileReference section */

/* Begin PBXFrameworksBuildPhase section */
		9B9F05062B84CBA700B1A4D3 /* Frameworks */ = {
			isa = PBXFrameworksBuildPhase;
			buildActionMask = 2147483647;
			files = (
			);
			runOnlyForDeploymentPostprocessing = 0;
		};
		9B9F05172B84CBA900B1A4D3 /* Frameworks */ = {
			isa = PBXFrameworksBuildPhase;
			buildActionMask = 2147483647;
			files = (
			);
			runOnlyForDeploymentPostprocessing = 0;
		};
		9B9F05212B84CBA900B1A4D3 /* Frameworks */ = {
			isa = PBXFrameworksBuildPhase;
			buildActionMask = 2147483647;
			files = (
			);
			runOnlyForDeploymentPostprocessing = 0;
		};
/* End PBXFrameworksBuildPhase section */

/* Begin PBXGroup section */
		9B9F05002B84CBA700B1A4D3 = {
			isa = PBXGroup;
			children = (
				9B9F050B2B84CBA700B1A4D3 /* tasks */,
				9B9F051D2B84CBA900B1A4D3 /* tasksTests */,
				9B9F05272B84CBA900B1A4D3 /* tasksUITests */,
				9B9F050A2B84CBA700B1A4D3 /* Products */,
			);
			sourceTree = "<group>";
		};
		9B9F050A2B84CBA700B1A4D3 /* Products */ = {
			isa = PBXGroup;
			children = (
				9B9F05092B84CBA700B1A4D3 /* tasks.app */,
				9B9F051A2B84CBA900B1A4D3 /* tasksTests.xctest */,
				9B9F05242B84CBA900B1A4D3 /* tasksUITests.xctest */,
			);
			name = Products;
			sourceTree = "<group>";
		};
		9B9F050B2B84CBA700B1A4D3 /* tasks */ = {
			isa = PBXGroup;
			children = (
				9BE6E2F82B8537EF00C54646 /* home */,
				9BE6E2F52B85370000C54646 /* nav */,
				9B9F050C2B84CBA700B1A4D3 /* tasksApp.swift */,
				9B9F050E2B84CBA700B1A4D3 /* ContentView.swift */,
				9B9F05102B84CBA900B1A4D3 /* Assets.xcassets */,
				9B9F05122B84CBA900B1A4D3 /* tasks.entitlements */,
				9B9F05132B84CBA900B1A4D3 /* Preview Content */,
			);
			path = tasks;
			sourceTree = "<group>";
		};
		9B9F05132B84CBA900B1A4D3 /* Preview Content */ = {
			isa = PBXGroup;
			children = (
				9B9F05142B84CBA900B1A4D3 /* Preview Assets.xcassets */,
			);
			path = "Preview Content";
			sourceTree = "<group>";
		};
		9B9F051D2B84CBA900B1A4D3 /* tasksTests */ = {
			isa = PBXGroup;
			children = (
				9B9F051E2B84CBA900B1A4D3 /* tasksTests.swift */,
			);
			path = tasksTests;
			sourceTree = "<group>";
		};
		9B9F05272B84CBA900B1A4D3 /* tasksUITests */ = {
			isa = PBXGroup;
			children = (
				9B9F05282B84CBA900B1A4D3 /* tasksUITests.swift */,
				9B9F052A2B84CBA900B1A4D3 /* tasksUITestsLaunchTests.swift */,
			);
			path = tasksUITests;
			sourceTree = "<group>";
		};
		9BE6E2F52B85370000C54646 /* nav */ = {
			isa = PBXGroup;
			children = (
				9BE6E2F62B85371B00C54646 /* AppScreen.swift */,
				9BE6E2FB2B85392B00C54646 /* AppTabView.swift */,
			);
			path = nav;
			sourceTree = "<group>";
		};
		9BE6E2F82B8537EF00C54646 /* home */ = {
			isa = PBXGroup;
			children = (
				9BE6E2F92B8537FD00C54646 /* HomeNavStack.swift */,
				9B0AD86A2B8566FD00D090EB /* TagPicker.swift */,
				9B0AD86C2B85673100D090EB /* TimeButtons.swift */,
				9B0AD86E2B85676B00D090EB /* Time.swift */,
			);
			path = home;
			sourceTree = "<group>";
		};
/* End PBXGroup section */

/* Begin PBXNativeTarget section */
		9B9F05082B84CBA700B1A4D3 /* tasks */ = {
			isa = PBXNativeTarget;
			buildConfigurationList = 9B9F052E2B84CBA900B1A4D3 /* Build configuration list for PBXNativeTarget "tasks" */;
			buildPhases = (
				9B9F05052B84CBA700B1A4D3 /* Sources */,
				9B9F05062B84CBA700B1A4D3 /* Frameworks */,
				9B9F05072B84CBA700B1A4D3 /* Resources */,
			);
			buildRules = (
			);
			dependencies = (
			);
			name = tasks;
			productName = tasks;
			productReference = 9B9F05092B84CBA700B1A4D3 /* tasks.app */;
			productType = "com.apple.product-type.application";
		};
		9B9F05192B84CBA900B1A4D3 /* tasksTests */ = {
			isa = PBXNativeTarget;
			buildConfigurationList = 9B9F05312B84CBA900B1A4D3 /* Build configuration list for PBXNativeTarget "tasksTests" */;
			buildPhases = (
				9B9F05162B84CBA900B1A4D3 /* Sources */,
				9B9F05172B84CBA900B1A4D3 /* Frameworks */,
				9B9F05182B84CBA900B1A4D3 /* Resources */,
			);
			buildRules = (
			);
			dependencies = (
				9B9F051C2B84CBA900B1A4D3 /* PBXTargetDependency */,
			);
			name = tasksTests;
			productName = tasksTests;
			productReference = 9B9F051A2B84CBA900B1A4D3 /* tasksTests.xctest */;
			productType = "com.apple.product-type.bundle.unit-test";
		};
		9B9F05232B84CBA900B1A4D3 /* tasksUITests */ = {
			isa = PBXNativeTarget;
			buildConfigurationList = 9B9F05342B84CBA900B1A4D3 /* Build configuration list for PBXNativeTarget "tasksUITests" */;
			buildPhases = (
				9B9F05202B84CBA900B1A4D3 /* Sources */,
				9B9F05212B84CBA900B1A4D3 /* Frameworks */,
				9B9F05222B84CBA900B1A4D3 /* Resources */,
			);
			buildRules = (
			);
			dependencies = (
				9B9F05262B84CBA900B1A4D3 /* PBXTargetDependency */,
			);
			name = tasksUITests;
			productName = tasksUITests;
			productReference = 9B9F05242B84CBA900B1A4D3 /* tasksUITests.xctest */;
			productType = "com.apple.product-type.bundle.ui-testing";
		};
/* End PBXNativeTarget section */

/* Begin PBXProject section */
		9B9F05012B84CBA700B1A4D3 /* Project object */ = {
			isa = PBXProject;
			attributes = {
				BuildIndependentTargetsInParallel = 1;
				LastSwiftUpdateCheck = 1520;
				LastUpgradeCheck = 1520;
				TargetAttributes = {
					9B9F05082B84CBA700B1A4D3 = {
						CreatedOnToolsVersion = 15.2;
					};
					9B9F05192B84CBA900B1A4D3 = {
						CreatedOnToolsVersion = 15.2;
						TestTargetID = 9B9F05082B84CBA700B1A4D3;
					};
					9B9F05232B84CBA900B1A4D3 = {
						CreatedOnToolsVersion = 15.2;
						TestTargetID = 9B9F05082B84CBA700B1A4D3;
					};
				};
			};
			buildConfigurationList = 9B9F05042B84CBA700B1A4D3 /* Build configuration list for PBXProject "tasks" */;
			compatibilityVersion = "Xcode 14.0";
			developmentRegion = en;
			hasScannedForEncodings = 0;
			knownRegions = (
				en,
				Base,
			);
			mainGroup = 9B9F05002B84CBA700B1A4D3;
			productRefGroup = 9B9F050A2B84CBA700B1A4D3 /* Products */;
			projectDirPath = "";
			projectRoot = "";
			targets = (
				9B9F05082B84CBA700B1A4D3 /* tasks */,
				9B9F05192B84CBA900B1A4D3 /* tasksTests */,
				9B9F05232B84CBA900B1A4D3 /* tasksUITests */,
			);
		};
/* End PBXProject section */

/* Begin PBXResourcesBuildPhase section */
		9B9F05072B84CBA700B1A4D3 /* Resources */ = {
			isa = PBXResourcesBuildPhase;
			buildActionMask = 2147483647;
			files = (
				9B9F05152B84CBA900B1A4D3 /* Preview Assets.xcassets in Resources */,
				9B9F05112B84CBA900B1A4D3 /* Assets.xcassets in Resources */,
			);
			runOnlyForDeploymentPostprocessing = 0;
		};
		9B9F05182B84CBA900B1A4D3 /* Resources */ = {
			isa = PBXResourcesBuildPhase;
			buildActionMask = 2147483647;
			files = (
			);
			runOnlyForDeploymentPostprocessing = 0;
		};
		9B9F05222B84CBA900B1A4D3 /* Resources */ = {
			isa = PBXResourcesBuildPhase;
			buildActionMask = 2147483647;
			files = (
			);
			runOnlyForDeploymentPostprocessing = 0;
		};
/* End PBXResourcesBuildPhase section */

/* Begin PBXSourcesBuildPhase section */
		9B9F05052B84CBA700B1A4D3 /* Sources */ = {
			isa = PBXSourcesBuildPhase;
			buildActionMask = 2147483647;
			files = (
				9BE6E2F72B85371B00C54646 /* AppScreen.swift in Sources */,
				9BE6E2FA2B8537FD00C54646 /* HomeNavStack.swift in Sources */,
				9B0AD86B2B8566FD00D090EB /* TagPicker.swift in Sources */,
				9B9F050F2B84CBA700B1A4D3 /* ContentView.swift in Sources */,
				9B0AD86F2B85676B00D090EB /* Time.swift in Sources */,
				9B9F050D2B84CBA700B1A4D3 /* tasksApp.swift in Sources */,
				9B0AD86D2B85673100D090EB /* TimeButtons.swift in Sources */,
				9BE6E2FC2B85392B00C54646 /* AppTabView.swift in Sources */,
			);
			runOnlyForDeploymentPostprocessing = 0;
		};
		9B9F05162B84CBA900B1A4D3 /* Sources */ = {
			isa = PBXSourcesBuildPhase;
			buildActionMask = 2147483647;
			files = (
				9B9F051F2B84CBA900B1A4D3 /* tasksTests.swift in Sources */,
			);
			runOnlyForDeploymentPostprocessing = 0;
		};
		9B9F05202B84CBA900B1A4D3 /* Sources */ = {
			isa = PBXSourcesBuildPhase;
			buildActionMask = 2147483647;
			files = (
				9B9F05292B84CBA900B1A4D3 /* tasksUITests.swift in Sources */,
				9B9F052B2B84CBA900B1A4D3 /* tasksUITestsLaunchTests.swift in Sources */,
			);
			runOnlyForDeploymentPostprocessing = 0;
		};
/* End PBXSourcesBuildPhase section */

/* Begin PBXTargetDependency section */
		9B9F051C2B84CBA900B1A4D3 /* PBXTargetDependency */ = {
			isa = PBXTargetDependency;
			target = 9B9F05082B84CBA700B1A4D3 /* tasks */;
			targetProxy = 9B9F051B2B84CBA900B1A4D3 /* PBXContainerItemProxy */;
		};
		9B9F05262B84CBA900B1A4D3 /* PBXTargetDependency */ = {
			isa = PBXTargetDependency;
			target = 9B9F05082B84CBA700B1A4D3 /* tasks */;
			targetProxy = 9B9F05252B84CBA900B1A4D3 /* PBXContainerItemProxy */;
		};
/* End PBXTargetDependency section */

/* Begin XCBuildConfiguration section */
		9B9F052C2B84CBA900B1A4D3 /* Debug */ = {
			isa = XCBuildConfiguration;
			buildSettings = {
				ALWAYS_SEARCH_USER_PATHS = NO;
				ASSETCATALOG_COMPILER_GENERATE_SWIFT_ASSET_SYMBOL_EXTENSIONS = YES;
				CLANG_ANALYZER_NONNULL = YES;
				CLANG_ANALYZER_NUMBER_OBJECT_CONVERSION = YES_AGGRESSIVE;
				CLANG_CXX_LANGUAGE_STANDARD = "gnu++20";
				CLANG_ENABLE_MODULES = YES;
				CLANG_ENABLE_OBJC_ARC = YES;
				CLANG_ENABLE_OBJC_WEAK = YES;
				CLANG_WARN_BLOCK_CAPTURE_AUTORELEASING = YES;
				CLANG_WARN_BOOL_CONVERSION = YES;
				CLANG_WARN_COMMA = YES;
				CLANG_WARN_CONSTANT_CONVERSION = YES;
				CLANG_WARN_DEPRECATED_OBJC_IMPLEMENTATIONS = YES;
				CLANG_WARN_DIRECT_OBJC_ISA_USAGE = YES_ERROR;
				CLANG_WARN_DOCUMENTATION_COMMENTS = YES;
				CLANG_WARN_EMPTY_BODY = YES;
				CLANG_WARN_ENUM_CONVERSION = YES;
				CLANG_WARN_INFINITE_RECURSION = YES;
				CLANG_WARN_INT_CONVERSION = YES;
				CLANG_WARN_NON_LITERAL_NULL_CONVERSION = YES;
				CLANG_WARN_OBJC_IMPLICIT_RETAIN_SELF = YES;
				CLANG_WARN_OBJC_LITERAL_CONVERSION = YES;
				CLANG_WARN_OBJC_ROOT_CLASS = YES_ERROR;
				CLANG_WARN_QUOTED_INCLUDE_IN_FRAMEWORK_HEADER = YES;
				CLANG_WARN_RANGE_LOOP_ANALYSIS = YES;
				CLANG_WARN_STRICT_PROTOTYPES = YES;
				CLANG_WARN_SUSPICIOUS_MOVE = YES;
				CLANG_WARN_UNGUARDED_AVAILABILITY = YES_AGGRESSIVE;
				CLANG_WARN_UNREACHABLE_CODE = YES;
				CLANG_WARN__DUPLICATE_METHOD_MATCH = YES;
				COPY_PHASE_STRIP = NO;
				DEBUG_INFORMATION_FORMAT = dwarf;
				ENABLE_STRICT_OBJC_MSGSEND = YES;
				ENABLE_TESTABILITY = YES;
				ENABLE_USER_SCRIPT_SANDBOXING = YES;
				GCC_C_LANGUAGE_STANDARD = gnu17;
				GCC_DYNAMIC_NO_PIC = NO;
				GCC_NO_COMMON_BLOCKS = YES;
				GCC_OPTIMIZATION_LEVEL = 0;
				GCC_PREPROCESSOR_DEFINITIONS = (
					"DEBUG=1",
					"$(inherited)",
				);
				GCC_WARN_64_TO_32_BIT_CONVERSION = YES;
				GCC_WARN_ABOUT_RETURN_TYPE = YES_ERROR;
				GCC_WARN_UNDECLARED_SELECTOR = YES;
				GCC_WARN_UNINITIALIZED_AUTOS = YES_AGGRESSIVE;
				GCC_WARN_UNUSED_FUNCTION = YES;
				GCC_WARN_UNUSED_VARIABLE = YES;
				LOCALIZATION_PREFERS_STRING_CATALOGS = YES;
				MTL_ENABLE_DEBUG_INFO = INCLUDE_SOURCE;
				MTL_FAST_MATH = YES;
				ONLY_ACTIVE_ARCH = YES;
				SWIFT_ACTIVE_COMPILATION_CONDITIONS = "DEBUG $(inherited)";
				SWIFT_OPTIMIZATION_LEVEL = "-Onone";
			};
			name = Debug;
		};
		9B9F052D2B84CBA900B1A4D3 /* Release */ = {
			isa = XCBuildConfiguration;
			buildSettings = {
				ALWAYS_SEARCH_USER_PATHS = NO;
				ASSETCATALOG_COMPILER_GENERATE_SWIFT_ASSET_SYMBOL_EXTENSIONS = YES;
				CLANG_ANALYZER_NONNULL = YES;
				CLANG_ANALYZER_NUMBER_OBJECT_CONVERSION = YES_AGGRESSIVE;
				CLANG_CXX_LANGUAGE_STANDARD = "gnu++20";
				CLANG_ENABLE_MODULES = YES;
				CLANG_ENABLE_OBJC_ARC = YES;
				CLANG_ENABLE_OBJC_WEAK = YES;
				CLANG_WARN_BLOCK_CAPTURE_AUTORELEASING = YES;
				CLANG_WARN_BOOL_CONVERSION = YES;
				CLANG_WARN_COMMA = YES;
				CLANG_WARN_CONSTANT_CONVERSION = YES;
				CLANG_WARN_DEPRECATED_OBJC_IMPLEMENTATIONS = YES;
				CLANG_WARN_DIRECT_OBJC_ISA_USAGE = YES_ERROR;
				CLANG_WARN_DOCUMENTATION_COMMENTS = YES;
				CLANG_WARN_EMPTY_BODY = YES;
				CLANG_WARN_ENUM_CONVERSION = YES;
				CLANG_WARN_INFINITE_RECURSION = YES;
				CLANG_WARN_INT_CONVERSION = YES;
				CLANG_WARN_NON_LITERAL_NULL_CONVERSION = YES;
				CLANG_WARN_OBJC_IMPLICIT_RETAIN_SELF = YES;
				CLANG_WARN_OBJC_LITERAL_CONVERSION = YES;
				CLANG_WARN_OBJC_ROOT_CLASS = YES_ERROR;
				CLANG_WARN_QUOTED_INCLUDE_IN_FRAMEWORK_HEADER = YES;
				CLANG_WARN_RANGE_LOOP_ANALYSIS = YES;
				CLANG_WARN_STRICT_PROTOTYPES = YES;
				CLANG_WARN_SUSPICIOUS_MOVE = YES;
				CLANG_WARN_UNGUARDED_AVAILABILITY = YES_AGGRESSIVE;
				CLANG_WARN_UNREACHABLE_CODE = YES;
				CLANG_WARN__DUPLICATE_METHOD_MATCH = YES;
				COPY_PHASE_STRIP = NO;
				DEBUG_INFORMATION_FORMAT = "dwarf-with-dsym";
				ENABLE_NS_ASSERTIONS = NO;
				ENABLE_STRICT_OBJC_MSGSEND = YES;
				ENABLE_USER_SCRIPT_SANDBOXING = YES;
				GCC_C_LANGUAGE_STANDARD = gnu17;
				GCC_NO_COMMON_BLOCKS = YES;
				GCC_WARN_64_TO_32_BIT_CONVERSION = YES;
				GCC_WARN_ABOUT_RETURN_TYPE = YES_ERROR;
				GCC_WARN_UNDECLARED_SELECTOR = YES;
				GCC_WARN_UNINITIALIZED_AUTOS = YES_AGGRESSIVE;
				GCC_WARN_UNUSED_FUNCTION = YES;
				GCC_WARN_UNUSED_VARIABLE = YES;
				LOCALIZATION_PREFERS_STRING_CATALOGS = YES;
				MTL_ENABLE_DEBUG_INFO = NO;
				MTL_FAST_MATH = YES;
				SWIFT_COMPILATION_MODE = wholemodule;
			};
			name = Release;
		};
		9B9F052F2B84CBA900B1A4D3 /* Debug */ = {
			isa = XCBuildConfiguration;
			buildSettings = {
				ASSETCATALOG_COMPILER_APPICON_NAME = AppIcon;
				ASSETCATALOG_COMPILER_GLOBAL_ACCENT_COLOR_NAME = AccentColor;
				CODE_SIGN_ENTITLEMENTS = tasks/tasks.entitlements;
				CODE_SIGN_STYLE = Automatic;
				CURRENT_PROJECT_VERSION = 1;
				DEVELOPMENT_ASSET_PATHS = "\"tasks/Preview Content\"";
				DEVELOPMENT_TEAM = 6W2MRWSV6U;
				ENABLE_PREVIEWS = YES;
				GENERATE_INFOPLIST_FILE = YES;
				"INFOPLIST_KEY_UIApplicationSceneManifest_Generation[sdk=iphoneos*]" = YES;
				"INFOPLIST_KEY_UIApplicationSceneManifest_Generation[sdk=iphonesimulator*]" = YES;
				"INFOPLIST_KEY_UIApplicationSupportsIndirectInputEvents[sdk=iphoneos*]" = YES;
				"INFOPLIST_KEY_UIApplicationSupportsIndirectInputEvents[sdk=iphonesimulator*]" = YES;
				"INFOPLIST_KEY_UILaunchScreen_Generation[sdk=iphoneos*]" = YES;
				"INFOPLIST_KEY_UILaunchScreen_Generation[sdk=iphonesimulator*]" = YES;
				"INFOPLIST_KEY_UIStatusBarStyle[sdk=iphoneos*]" = UIStatusBarStyleDefault;
				"INFOPLIST_KEY_UIStatusBarStyle[sdk=iphonesimulator*]" = UIStatusBarStyleDefault;
				INFOPLIST_KEY_UISupportedInterfaceOrientations_iPad = "UIInterfaceOrientationPortrait UIInterfaceOrientationPortraitUpsideDown UIInterfaceOrientationLandscapeLeft UIInterfaceOrientationLandscapeRight";
				INFOPLIST_KEY_UISupportedInterfaceOrientations_iPhone = "UIInterfaceOrientationPortrait UIInterfaceOrientationLandscapeLeft UIInterfaceOrientationLandscapeRight";
				IPHONEOS_DEPLOYMENT_TARGET = 17.2;
				LD_RUNPATH_SEARCH_PATHS = "@executable_path/Frameworks";
				"LD_RUNPATH_SEARCH_PATHS[sdk=macosx*]" = "@executable_path/../Frameworks";
				MACOSX_DEPLOYMENT_TARGET = 14.2;
				MARKETING_VERSION = 1.0;
				PRODUCT_BUNDLE_IDENTIFIER = kveeti.tasks;
				PRODUCT_NAME = "$(TARGET_NAME)";
				SDKROOT = auto;
				SUPPORTED_PLATFORMS = "iphoneos iphonesimulator macosx";
				SWIFT_EMIT_LOC_STRINGS = YES;
				SWIFT_VERSION = 5.0;
				TARGETED_DEVICE_FAMILY = "1,2";
			};
			name = Debug;
		};
		9B9F05302B84CBA900B1A4D3 /* Release */ = {
			isa = XCBuildConfiguration;
			buildSettings = {
				ASSETCATALOG_COMPILER_APPICON_NAME = AppIcon;
				ASSETCATALOG_COMPILER_GLOBAL_ACCENT_COLOR_NAME = AccentColor;
				CODE_SIGN_ENTITLEMENTS = tasks/tasks.entitlements;
				CODE_SIGN_STYLE = Automatic;
				CURRENT_PROJECT_VERSION = 1;
				DEVELOPMENT_ASSET_PATHS = "\"tasks/Preview Content\"";
				DEVELOPMENT_TEAM = 6W2MRWSV6U;
				ENABLE_PREVIEWS = YES;
				GENERATE_INFOPLIST_FILE = YES;
				"INFOPLIST_KEY_UIApplicationSceneManifest_Generation[sdk=iphoneos*]" = YES;
				"INFOPLIST_KEY_UIApplicationSceneManifest_Generation[sdk=iphonesimulator*]" = YES;
				"INFOPLIST_KEY_UIApplicationSupportsIndirectInputEvents[sdk=iphoneos*]" = YES;
				"INFOPLIST_KEY_UIApplicationSupportsIndirectInputEvents[sdk=iphonesimulator*]" = YES;
				"INFOPLIST_KEY_UILaunchScreen_Generation[sdk=iphoneos*]" = YES;
				"INFOPLIST_KEY_UILaunchScreen_Generation[sdk=iphonesimulator*]" = YES;
				"INFOPLIST_KEY_UIStatusBarStyle[sdk=iphoneos*]" = UIStatusBarStyleDefault;
				"INFOPLIST_KEY_UIStatusBarStyle[sdk=iphonesimulator*]" = UIStatusBarStyleDefault;
				INFOPLIST_KEY_UISupportedInterfaceOrientations_iPad = "UIInterfaceOrientationPortrait UIInterfaceOrientationPortraitUpsideDown UIInterfaceOrientationLandscapeLeft UIInterfaceOrientationLandscapeRight";
				INFOPLIST_KEY_UISupportedInterfaceOrientations_iPhone = "UIInterfaceOrientationPortrait UIInterfaceOrientationLandscapeLeft UIInterfaceOrientationLandscapeRight";
				IPHONEOS_DEPLOYMENT_TARGET = 17.2;
				LD_RUNPATH_SEARCH_PATHS = "@executable_path/Frameworks";
				"LD_RUNPATH_SEARCH_PATHS[sdk=macosx*]" = "@executable_path/../Frameworks";
				MACOSX_DEPLOYMENT_TARGET = 14.2;
				MARKETING_VERSION = 1.0;
				PRODUCT_BUNDLE_IDENTIFIER = kveeti.tasks;
				PRODUCT_NAME = "$(TARGET_NAME)";
				SDKROOT = auto;
				SUPPORTED_PLATFORMS = "iphoneos iphonesimulator macosx";
				SWIFT_EMIT_LOC_STRINGS = YES;
				SWIFT_VERSION = 5.0;
				TARGETED_DEVICE_FAMILY = "1,2";
			};
			name = Release;
		};
		9B9F05322B84CBA900B1A4D3 /* Debug */ = {
			isa = XCBuildConfiguration;
			buildSettings = {
				ALWAYS_EMBED_SWIFT_STANDARD_LIBRARIES = YES;
				BUNDLE_LOADER = "$(TEST_HOST)";
				CODE_SIGN_STYLE = Automatic;
				CURRENT_PROJECT_VERSION = 1;
				GENERATE_INFOPLIST_FILE = YES;
				IPHONEOS_DEPLOYMENT_TARGET = 17.2;
				MACOSX_DEPLOYMENT_TARGET = 14.2;
				MARKETING_VERSION = 1.0;
				PRODUCT_BUNDLE_IDENTIFIER = kveeti.tasksTests;
				PRODUCT_NAME = "$(TARGET_NAME)";
				SDKROOT = auto;
				SUPPORTED_PLATFORMS = "iphoneos iphonesimulator macosx";
				SWIFT_EMIT_LOC_STRINGS = NO;
				SWIFT_VERSION = 5.0;
				TARGETED_DEVICE_FAMILY = "1,2";
				TEST_HOST = "$(BUILT_PRODUCTS_DIR)/tasks.app/$(BUNDLE_EXECUTABLE_FOLDER_PATH)/tasks";
			};
			name = Debug;
		};
		9B9F05332B84CBA900B1A4D3 /* Release */ = {
			isa = XCBuildConfiguration;
			buildSettings = {
				ALWAYS_EMBED_SWIFT_STANDARD_LIBRARIES = YES;
				BUNDLE_LOADER = "$(TEST_HOST)";
				CODE_SIGN_STYLE = Automatic;
				CURRENT_PROJECT_VERSION = 1;
				GENERATE_INFOPLIST_FILE = YES;
				IPHONEOS_DEPLOYMENT_TARGET = 17.2;
				MACOSX_DEPLOYMENT_TARGET = 14.2;
				MARKETING_VERSION = 1.0;
				PRODUCT_BUNDLE_IDENTIFIER = kveeti.tasksTests;
				PRODUCT_NAME = "$(TARGET_NAME)";
				SDKROOT = auto;
				SUPPORTED_PLATFORMS = "iphoneos iphonesimulator macosx";
				SWIFT_EMIT_LOC_STRINGS = NO;
				SWIFT_VERSION = 5.0;
				TARGETED_DEVICE_FAMILY = "1,2";
				TEST_HOST = "$(BUILT_PRODUCTS_DIR)/tasks.app/$(BUNDLE_EXECUTABLE_FOLDER_PATH)/tasks";
			};
			name = Release;
		};
		9B9F05352B84CBA900B1A4D3 /* Debug */ = {
			isa = XCBuildConfiguration;
			buildSettings = {
				ALWAYS_EMBED_SWIFT_STANDARD_LIBRARIES = YES;
				CODE_SIGN_STYLE = Automatic;
				CURRENT_PROJECT_VERSION = 1;
				GENERATE_INFOPLIST_FILE = YES;
				IPHONEOS_DEPLOYMENT_TARGET = 17.2;
				MACOSX_DEPLOYMENT_TARGET = 14.2;
				MARKETING_VERSION = 1.0;
				PRODUCT_BUNDLE_IDENTIFIER = kveeti.tasksUITests;
				PRODUCT_NAME = "$(TARGET_NAME)";
				SDKROOT = auto;
				SUPPORTED_PLATFORMS = "iphoneos iphonesimulator macosx";
				SWIFT_EMIT_LOC_STRINGS = NO;
				SWIFT_VERSION = 5.0;
				TARGETED_DEVICE_FAMILY = "1,2";
				TEST_TARGET_NAME = tasks;
			};
			name = Debug;
		};
		9B9F05362B84CBA900B1A4D3 /* Release */ = {
			isa = XCBuildConfiguration;
			buildSettings = {
				ALWAYS_EMBED_SWIFT_STANDARD_LIBRARIES = YES;
				CODE_SIGN_STYLE = Automatic;
				CURRENT_PROJECT_VERSION = 1;
				GENERATE_INFOPLIST_FILE = YES;
				IPHONEOS_DEPLOYMENT_TARGET = 17.2;
				MACOSX_DEPLOYMENT_TARGET = 14.2;
				MARKETING_VERSION = 1.0;
				PRODUCT_BUNDLE_IDENTIFIER = kveeti.tasksUITests;
				PRODUCT_NAME = "$(TARGET_NAME)";
				SDKROOT = auto;
				SUPPORTED_PLATFORMS = "iphoneos iphonesimulator macosx";
				SWIFT_EMIT_LOC_STRINGS = NO;
				SWIFT_VERSION = 5.0;
				TARGETED_DEVICE_FAMILY = "1,2";
				TEST_TARGET_NAME = tasks;
			};
			name = Release;
		};
/* End XCBuildConfiguration section */

/* Begin XCConfigurationList section */
		9B9F05042B84CBA700B1A4D3 /* Build configuration list for PBXProject "tasks" */ = {
			isa = XCConfigurationList;
			buildConfigurations = (
				9B9F052C2B84CBA900B1A4D3 /* Debug */,
				9B9F052D2B84CBA900B1A4D3 /* Release */,
			);
			defaultConfigurationIsVisible = 0;
			defaultConfigurationName = Release;
		};
		9B9F052E2B84CBA900B1A4D3 /* Build configuration list for PBXNativeTarget "tasks" */ = {
			isa = XCConfigurationList;
			buildConfigurations = (
				9B9F052F2B84CBA900B1A4D3 /* Debug */,
				9B9F05302B84CBA900B1A4D3 /* Release */,
			);
			defaultConfigurationIsVisible = 0;
			defaultConfigurationName = Release;
		};
		9B9F05312B84CBA900B1A4D3 /* Build configuration list for PBXNativeTarget "tasksTests" */ = {
			isa = XCConfigurationList;
			buildConfigurations = (
				9B9F05322B84CBA900B1A4D3 /* Debug */,
				9B9F05332B84CBA900B1A4D3 /* Release */,
			);
			defaultConfigurationIsVisible = 0;
			defaultConfigurationName = Release;
		};
		9B9F05342B84CBA900B1A4D3 /* Build configuration list for PBXNativeTarget "tasksUITests" */ = {
			isa = XCConfigurationList;
			buildConfigurations = (
				9B9F05352B84CBA900B1A4D3 /* Debug */,
				9B9F05362B84CBA900B1A4D3 /* Release */,
			);
			defaultConfigurationIsVisible = 0;
			defaultConfigurationName = Release;
		};
/* End XCConfigurationList section */
	};
	rootObject = 9B9F05012B84CBA700B1A4D3 /* Project object */;
}
